
Microsoft Visual Studio Solution File, Format Version 12.00
# Visual Studio 2012
Project("{8BC9CEB8-8B4A-11D0-8D11-00A0C91BC942}") = "structura de stiva", "structura de stiva\structura de stiva.vcxproj", "{F019526F-AB66-4307-A153-C542EE63B597}"
EndProject
Global
	GlobalSection(SolutionConfigurationPlatforms) = preSolution
		Debug|Win32 = Debug|Win32
		Release|Win32 = Release|Win32
	EndGlobalSection
	GlobalSection(ProjectConfigurationPlatforms) = postSolution
		{F019526F-AB66-4307-A153-C542EE63B597}.Debug|Win32.ActiveCfg = Debug|Win32
		{F019526F-AB66-4307-A153-C542EE63B597}.Debug|Win32.Build.0 = Debug|Win32
		{F019526F-AB66-4307-A153-C542EE63B597}.Release|Win32.ActiveCfg = Release|Win32
		{F019526F-AB66-4307-A153-C542EE63B597}.Release|Win32.Build.0 = Release|Win32
	EndGlobalSection
	GlobalSection(SolutionProperties) = preSolution
		HideSolutionNode = FALSE
	EndGlobalSection
EndGlobal
